
Microsoft Visual Studio Solution File, Format Version 12.00
# Visual Studio Version 16
VisualStudioVersion = 16.0.29209.152
MinimumVisualStudioVersion = 10.0.40219.1
Project("{FAE04EC0-301F-11D3-BF4B-00C04F79EFBC}") = "MyWebBrower", "MyWebBrower\MyWebBrower.csproj", "{EE22DE2E-19BF-4114-9455-9437E50D9A3C}"
EndProject
Global
	GlobalSection(SolutionConfigurationPlatforms) = preSolution
		Debug|Any CPU = Debug|Any CPU
		Release|Any CPU = Release|Any CPU
	EndGlobalSection
	GlobalSection(ProjectConfigurationPlatforms) = postSolution
		{EE22DE2E-19BF-4114-9455-9437E50D9A3C}.Debug|Any CPU.ActiveCfg = Debug|Any CPU
		{EE22DE2E-19BF-4114-9455-9437E50D9A3C}.Debug|Any CPU.Build.0 = Debug|Any CPU
		{EE22DE2E-19BF-4114-9455-9437E50D9A3C}.Release|Any CPU.ActiveCfg = Release|Any CPU
		{EE22DE2E-19BF-4114-9455-9437E50D9A3C}.Release|Any CPU.Build.0 = Release|Any CPU
	EndGlobalSection
	GlobalSection(SolutionProperties) = preSolution
		HideSolutionNode = FALSE
	EndGlobalSection
	GlobalSection(ExtensibilityGlobals) = postSolution
		SolutionGuid = {A128273D-3BF6-4419-AB16-6E578B5A590B}
	EndGlobalSection
EndGlobal
